
Microsoft Visual Studio Solution File, Format Version 12.00
# Visual Studio 15
VisualStudioVersion = 15.0.27703.2042
MinimumVisualStudioVersion = 10.0.40219.1
Project("{FAE04EC0-301F-11D3-BF4B-00C04F79EFBC}") = "VectorMatrixWPF", "VectorMatrixWPF\VectorMatrixWPF.csproj", "{17FFC493-87FC-4ECD-8F2D-FF79370CDAF6}"
EndProject
Project("{FAE04EC0-301F-11D3-BF4B-00C04F79EFBC}") = "VectorMatrixClassLibrary", "VectorMatrixClassLibrary\VectorMatrixClassLibrary.csproj", "{3B251E5A-A493-4840-A5D7-EA3714E65984}"
EndProject
Global
	GlobalSection(SolutionConfigurationPlatforms) = preSolution
		Debug|Any CPU = Debug|Any CPU
		Release|Any CPU = Release|Any CPU
	EndGlobalSection
	GlobalSection(ProjectConfigurationPlatforms) = postSolution
		{17FFC493-87FC-4ECD-8F2D-FF79370CDAF6}.Debug|Any CPU.ActiveCfg = Debug|Any CPU
		{17FFC493-87FC-4ECD-8F2D-FF79370CDAF6}.Debug|Any CPU.Build.0 = Debug|Any CPU
		{17FFC493-87FC-4ECD-8F2D-FF79370CDAF6}.Release|Any CPU.ActiveCfg = Release|Any CPU
		{17FFC493-87FC-4ECD-8F2D-FF79370CDAF6}.Release|Any CPU.Build.0 = Release|Any CPU
		{3B251E5A-A493-4840-A5D7-EA3714E65984}.Debug|Any CPU.ActiveCfg = Debug|Any CPU
		{3B251E5A-A493-4840-A5D7-EA3714E65984}.Debug|Any CPU.Build.0 = Debug|Any CPU
		{3B251E5A-A493-4840-A5D7-EA3714E65984}.Release|Any CPU.ActiveCfg = Release|Any CPU
		{3B251E5A-A493-4840-A5D7-EA3714E65984}.Release|Any CPU.Build.0 = Release|Any CPU
	EndGlobalSection
	GlobalSection(SolutionProperties) = preSolution
		HideSolutionNode = FALSE
	EndGlobalSection
	GlobalSection(ExtensibilityGlobals) = postSolution
		SolutionGuid = {148C392C-8582-4DFA-ABCD-E032014B4360}
	EndGlobalSection
EndGlobal
